
Microsoft Visual Studio Solution File, Format Version 12.00
# Visual Studio Version 17
VisualStudioVersion = 17.5.33414.496
MinimumVisualStudioVersion = 10.0.40219.1
Project("{8BC9CEB8-8B4A-11D0-8D11-00A0C91BC942}") = "Zadacha_0", "Zadacha_0\Zadacha_0.vcxproj", "{B59EEBE0-D134-4755-BB42-75DC82542AC7}"
EndProject
Project("{8BC9CEB8-8B4A-11D0-8D11-00A0C91BC942}") = "Zadacha_1", "Zadacha_1\Zadacha_1.vcxproj", "{1271BA07-070E-4C76-A1D8-306118129856}"
EndProject
Project("{8BC9CEB8-8B4A-11D0-8D11-00A0C91BC942}") = "Zadacha_2", "Zadacha_2\Zadacha_2.vcxproj", "{08286704-970B-4982-BC52-F6C8E1587292}"
EndProject
Project("{8BC9CEB8-8B4A-11D0-8D11-00A0C91BC942}") = "Zadacha_3", "Zadacha_3\Zadacha_3.vcxproj", "{57B7E535-A11C-45AA-B773-1EA1E03F95B9}"
EndProject
Project("{8BC9CEB8-8B4A-11D0-8D11-00A0C91BC942}") = "Zadacha_4", "Zadacha_4\Zadacha_4.vcxproj", "{243B9E88-7FCE-4A20-BBC1-5325DE3C3D20}"
EndProject
Project("{8BC9CEB8-8B4A-11D0-8D11-00A0C91BC942}") = "Zadacha_5", "Zadacha_5\Zadacha_5.vcxproj", "{20A7060F-9C53-4D63-9B30-CAA1A4742C0D}"
EndProject
Project("{8BC9CEB8-8B4A-11D0-8D11-00A0C91BC942}") = "Zadacha_6", "Zadacha_6\Zadacha_6.vcxproj", "{FE285B4B-949C-4DB7-B123-53A6782820D5}"
EndProject
Project("{8BC9CEB8-8B4A-11D0-8D11-00A0C91BC942}") = "Zadacha_7", "Zadacha_7\Zadacha_7.vcxproj", "{1F65861A-FADC-488A-86F4-61DD47F52A7F}"
EndProject
Project("{8BC9CEB8-8B4A-11D0-8D11-00A0C91BC942}") = "Zadacha_8", "Zadacha_8\Zadacha_8.vcxproj", "{53169160-3D61-47A6-988E-69663CA3C4B5}"
EndProject
Project("{8BC9CEB8-8B4A-11D0-8D11-00A0C91BC942}") = "Zadacha_9", "Zadacha_9\Zadacha_9.vcxproj", "{51BD7D40-236F-42B7-9843-E6A32769C245}"
EndProject
Project("{8BC9CEB8-8B4A-11D0-8D11-00A0C91BC942}") = "Zadacha10", "Zadacha_10\Zadacha_10.vcxproj", "{4C0E56EC-5BD8-4991-8813-A6D28D018519}"
EndProject
Project("{8BC9CEB8-8B4A-11D0-8D11-00A0C91BC942}") = "Zadacha11", "Zadacha11\Zadacha11.vcxproj", "{26BD86F1-C416-4A9A-AB8F-D9C2462B63AF}"
EndProject
Project("{8BC9CEB8-8B4A-11D0-8D11-00A0C91BC942}") = "Zadacha12", "Zadacha12\Zadacha12.vcxproj", "{E6F37230-DFDB-4FAD-AD55-227C6CD5D24F}"
EndProject
Project("{8BC9CEB8-8B4A-11D0-8D11-00A0C91BC942}") = "Zadacha13", "Zadacha13\Zadacha13.vcxproj", "{089E0A91-B826-4543-80A5-86FA9F292342}"
EndProject
Project("{8BC9CEB8-8B4A-11D0-8D11-00A0C91BC942}") = "Zadacha14", "Zadacha14\Zadacha14.vcxproj", "{DA4B2B4E-2CE0-4FD3-B8A3-1235C43DC758}"
EndProject
Project("{8BC9CEB8-8B4A-11D0-8D11-00A0C91BC942}") = "Zadacha15", "Zadacha15\Zadacha15.vcxproj", "{7516541B-2FD1-449F-85F2-05BDE20B71A2}"
EndProject
Project("{8BC9CEB8-8B4A-11D0-8D11-00A0C91BC942}") = "Zadacha16", "Zadacha\Zadacha.vcxproj", "{402AA72D-838F-4B5E-B287-35A2931F2D03}"
EndProject
Project("{8BC9CEB8-8B4A-11D0-8D11-00A0C91BC942}") = "Zadacha17", "Zadacha17\Zadacha17.vcxproj", "{14CD76C5-D13C-4BCA-A0AB-E9F8DE113D46}"
EndProject
Project("{8BC9CEB8-8B4A-11D0-8D11-00A0C91BC942}") = "Zadacha18", "Zadacha18\Zadacha18.vcxproj", "{76CAC232-5F36-40F2-8969-C719E6A53AAC}"
EndProject
Project("{8BC9CEB8-8B4A-11D0-8D11-00A0C91BC942}") = "Zadacha19", "Zadacha19\Zadacha19.vcxproj", "{1914D9B7-FB81-45E3-8BE4-0C0F993E95C7}"
EndProject
Project("{8BC9CEB8-8B4A-11D0-8D11-00A0C91BC942}") = "Zadacha20", "Zadacha20\Zadacha20.vcxproj", "{75A57711-0202-478D-A257-848B38FC3A47}"
EndProject
Project("{8BC9CEB8-8B4A-11D0-8D11-00A0C91BC942}") = "Zadacha21", "Zadacha21\Zadacha21.vcxproj", "{413FB6FE-C5FB-46F6-BC5E-D1122F63BCB6}"
EndProject
Project("{8BC9CEB8-8B4A-11D0-8D11-00A0C91BC942}") = "Zadacha22", "Zadacha22\Zadacha22.vcxproj", "{AAAB738A-DA99-4EEE-BE99-469BA4B7AF5F}"
EndProject
Project("{8BC9CEB8-8B4A-11D0-8D11-00A0C91BC942}") = "Zadacha23", "Zadacha23\Zadacha23.vcxproj", "{CE6E1305-4D11-4880-A272-310751C8B7BA}"
EndProject
Project("{8BC9CEB8-8B4A-11D0-8D11-00A0C91BC942}") = "Zadacha24", "Zadacha24\Zadacha24.vcxproj", "{C0AE10BB-5263-4854-AB03-F26F4C8B787F}"
EndProject
Project("{8BC9CEB8-8B4A-11D0-8D11-00A0C91BC942}") = "Zadacha25", "Zadacha25\Zadacha25.vcxproj", "{300463FB-AE6F-48D0-8D4F-3B8F48FAE309}"
EndProject
Project("{8BC9CEB8-8B4A-11D0-8D11-00A0C91BC942}") = "Zadacha26", "Zadacha26\Zadacha26.vcxproj", "{337882ED-51E0-47F8-8D72-659498B2028A}"
EndProject
Project("{8BC9CEB8-8B4A-11D0-8D11-00A0C91BC942}") = "Zadacha27", "Zadacha27\Zadacha27.vcxproj", "{DD5D85E1-32A9-494A-A11A-7761CA3E50B5}"
EndProject
Project("{8BC9CEB8-8B4A-11D0-8D11-00A0C91BC942}") = "Zadacha28", "Zadacha28\Zadacha28.vcxproj", "{BD8F4161-76E1-430A-BD87-1C11816AB2DC}"
EndProject
Project("{8BC9CEB8-8B4A-11D0-8D11-00A0C91BC942}") = "Zadacha29", "Zadacha29\Zadacha29.vcxproj", "{136774FB-DFC2-4C86-BE27-C3951FDA28B4}"
EndProject
Project("{8BC9CEB8-8B4A-11D0-8D11-00A0C91BC942}") = "Zadacha30", "Zadacha30\Zadacha30.vcxproj", "{2519E6FC-8167-43DB-AE97-8EDA2DB3EFF6}"
EndProject
Project("{8BC9CEB8-8B4A-11D0-8D11-00A0C91BC942}") = "Zadacha31", "Zadacha31\Zadacha31.vcxproj", "{3F5932B7-F236-4DCA-9E21-115D04395860}"
EndProject
Project("{8BC9CEB8-8B4A-11D0-8D11-00A0C91BC942}") = "Zadacha32", "Zadacha32\Zadacha32.vcxproj", "{8B502A0D-E24F-4FBE-80E1-A27618945D3F}"
EndProject
Project("{8BC9CEB8-8B4A-11D0-8D11-00A0C91BC942}") = "Zadacha33", "Zadacha33\Zadacha33.vcxproj", "{696D690A-338D-483F-9253-B22194D0177A}"
EndProject
Project("{8BC9CEB8-8B4A-11D0-8D11-00A0C91BC942}") = "Zadacha34", "Zadacha34\Zadacha34.vcxproj", "{0290AF4A-F41F-4EBE-8B82-5F9FCF771FBF}"
EndProject
Project("{8BC9CEB8-8B4A-11D0-8D11-00A0C91BC942}") = "Zadacha35", "Zadacha35\Zadacha35.vcxproj", "{C54632C2-D93D-402A-943D-ECB52ECD489D}"
EndProject
Project("{8BC9CEB8-8B4A-11D0-8D11-00A0C91BC942}") = "Zadacha36", "Zadacha36\Zadacha36.vcxproj", "{7FA7C763-A247-476B-8059-277698985F7D}"
EndProject
Project("{8BC9CEB8-8B4A-11D0-8D11-00A0C91BC942}") = "Zadacha37", "Zadacha37\Zadacha37.vcxproj", "{7492D2E4-A09F-42D4-B85F-EF82CE805BA0}"
EndProject
Project("{8BC9CEB8-8B4A-11D0-8D11-00A0C91BC942}") = "Zadacha38", "Zadacha38\Zadacha38.vcxproj", "{5DBC0261-EEC2-4050-A37A-FA49730B37C6}"
EndProject
Project("{8BC9CEB8-8B4A-11D0-8D11-00A0C91BC942}") = "Zadacha39", "Zadacha39\Zadacha39.vcxproj", "{244FE147-72D6-4B12-B25A-691C172A6D77}"
EndProject
Project("{8BC9CEB8-8B4A-11D0-8D11-00A0C91BC942}") = "Zadacha40", "Zadacha40\Zadacha40.vcxproj", "{FE992BF8-0953-4DD0-8F94-5C9565F077F9}"
EndProject
Project("{8BC9CEB8-8B4A-11D0-8D11-00A0C91BC942}") = "Zadacha41", "Zadacha41\Zadacha41.vcxproj", "{29A2AD71-4FBC-4C69-A047-1BF72DBC6ACD}"
EndProject
Project("{8BC9CEB8-8B4A-11D0-8D11-00A0C91BC942}") = "Zadacha42", "Zadacha42\Zadacha42.vcxproj", "{89289659-0593-454B-86CF-228148997A9A}"
EndProject
Project("{8BC9CEB8-8B4A-11D0-8D11-00A0C91BC942}") = "Zadacha43", "Zadacha43\Zadacha43.vcxproj", "{B04DC459-D3BB-43B7-99B2-0B53C7427A3F}"
EndProject
Project("{8BC9CEB8-8B4A-11D0-8D11-00A0C91BC942}") = "Zadacha44", "Zadacha44\Zadacha44.vcxproj", "{2317DDB9-B604-469B-A210-D07C19F0D552}"
EndProject
Project("{8BC9CEB8-8B4A-11D0-8D11-00A0C91BC942}") = "Zadacha45", "Zadacha45\Zadacha45.vcxproj", "{BCE31D11-8319-4063-B34C-B00F3024E553}"
EndProject
Project("{8BC9CEB8-8B4A-11D0-8D11-00A0C91BC942}") = "Zadacha46", "Zadacha46\Zadacha46.vcxproj", "{92E64D07-471A-44E2-85B4-B2C047D3CF3E}"
EndProject
Project("{8BC9CEB8-8B4A-11D0-8D11-00A0C91BC942}") = "Zadacha47", "Zadacha47\Zadacha47.vcxproj", "{84193549-BC55-43FD-86A2-351488322780}"
EndProject
Project("{8BC9CEB8-8B4A-11D0-8D11-00A0C91BC942}") = "Zadacha48", "Zadacha48\Zadacha48.vcxproj", "{FF69B2C8-13A1-4CC4-AE68-0553240B0B9F}"
EndProject
Project("{8BC9CEB8-8B4A-11D0-8D11-00A0C91BC942}") = "Zadacha_49", "Zadacha_49\Zadacha_49.vcxproj", "{D6ADEAEA-394D-41DC-A2B9-5761AC1E8C7C}"
EndProject
Project("{8BC9CEB8-8B4A-11D0-8D11-00A0C91BC942}") = "Zadacha_50", "Zadacha_50\Zadacha_50.vcxproj", "{AFBD32E7-0D63-41F6-B388-09E302FEAE0B}"
EndProject
Project("{8BC9CEB8-8B4A-11D0-8D11-00A0C91BC942}") = "Zadacha_51", "Zadacha_51\Zadacha_51.vcxproj", "{17100C2B-44F0-4176-90EC-D3B2BF20DC71}"
EndProject
Project("{8BC9CEB8-8B4A-11D0-8D11-00A0C91BC942}") = "Zadacha_52", "Zadacha_52\Zadacha_52.vcxproj", "{991DA5BC-13C4-4CAF-862A-69EB28585FF8}"
EndProject
Project("{8BC9CEB8-8B4A-11D0-8D11-00A0C91BC942}") = "Zadacha_53", "Zadacha_53\Zadacha_53.vcxproj", "{CA5B7C0B-D992-42A1-8F70-29575F3F2CDA}"
EndProject
Project("{8BC9CEB8-8B4A-11D0-8D11-00A0C91BC942}") = "Zadacha_54", "Zadacha_54\Zadacha_54.vcxproj", "{ECDD3CF7-0C6F-4C34-AF41-43FAE9EE1A9F}"
EndProject
Project("{8BC9CEB8-8B4A-11D0-8D11-00A0C91BC942}") = "Zadacha_55", "Zadacha_55\Zadacha_55.vcxproj", "{BFA57291-570F-4BD5-9AC7-C220B8F6769A}"
EndProject
Global
	GlobalSection(SolutionConfigurationPlatforms) = preSolution
		Debug|x64 = Debug|x64
		Debug|x86 = Debug|x86
		Release|x64 = Release|x64
		Release|x86 = Release|x86
	EndGlobalSection
	GlobalSection(ProjectConfigurationPlatforms) = postSolution
		{B59EEBE0-D134-4755-BB42-75DC82542AC7}.Debug|x64.ActiveCfg = Debug|x64
		{B59EEBE0-D134-4755-BB42-75DC82542AC7}.Debug|x64.Build.0 = Debug|x64
		{B59EEBE0-D134-4755-BB42-75DC82542AC7}.Debug|x86.ActiveCfg = Debug|Win32
		{B59EEBE0-D134-4755-BB42-75DC82542AC7}.Debug|x86.Build.0 = Debug|Win32
		{B59EEBE0-D134-4755-BB42-75DC82542AC7}.Release|x64.ActiveCfg = Release|x64
		{B59EEBE0-D134-4755-BB42-75DC82542AC7}.Release|x64.Build.0 = Release|x64
		{B59EEBE0-D134-4755-BB42-75DC82542AC7}.Release|x86.ActiveCfg = Release|Win32
		{B59EEBE0-D134-4755-BB42-75DC82542AC7}.Release|x86.Build.0 = Release|Win32
		{1271BA07-070E-4C76-A1D8-306118129856}.Debug|x64.ActiveCfg = Debug|x64
		{1271BA07-070E-4C76-A1D8-306118129856}.Debug|x64.Build.0 = Debug|x64
		{1271BA07-070E-4C76-A1D8-306118129856}.Debug|x86.ActiveCfg = Debug|Win32
		{1271BA07-070E-4C76-A1D8-306118129856}.Debug|x86.Build.0 = Debug|Win32
		{1271BA07-070E-4C76-A1D8-306118129856}.Release|x64.ActiveCfg = Release|x64
		{1271BA07-070E-4C76-A1D8-306118129856}.Release|x64.Build.0 = Release|x64
		{1271BA07-070E-4C76-A1D8-306118129856}.Release|x86.ActiveCfg = Release|Win32
		{1271BA07-070E-4C76-A1D8-306118129856}.Release|x86.Build.0 = Release|Win32
		{08286704-970B-4982-BC52-F6C8E1587292}.Debug|x64.ActiveCfg = Debug|x64
		{08286704-970B-4982-BC52-F6C8E1587292}.Debug|x64.Build.0 = Debug|x64
		{08286704-970B-4982-BC52-F6C8E1587292}.Debug|x86.ActiveCfg = Debug|Win32
		{08286704-970B-4982-BC52-F6C8E1587292}.Debug|x86.Build.0 = Debug|Win32
		{08286704-970B-4982-BC52-F6C8E1587292}.Release|x64.ActiveCfg = Release|x64
		{08286704-970B-4982-BC52-F6C8E1587292}.Release|x64.Build.0 = Release|x64
		{08286704-970B-4982-BC52-F6C8E1587292}.Release|x86.ActiveCfg = Release|Win32
		{08286704-970B-4982-BC52-F6C8E1587292}.Release|x86.Build.0 = Release|Win32
		{57B7E535-A11C-45AA-B773-1EA1E03F95B9}.Debug|x64.ActiveCfg = Debug|x64
		{57B7E535-A11C-45AA-B773-1EA1E03F95B9}.Debug|x64.Build.0 = Debug|x64
		{57B7E535-A11C-45AA-B773-1EA1E03F95B9}.Debug|x86.ActiveCfg = Debug|Win32
		{57B7E535-A11C-45AA-B773-1EA1E03F95B9}.Debug|x86.Build.0 = Debug|Win32
		{57B7E535-A11C-45AA-B773-1EA1E03F95B9}.Release|x64.ActiveCfg = Release|x64
		{57B7E535-A11C-45AA-B773-1EA1E03F95B9}.Release|x64.Build.0 = Release|x64
		{57B7E535-A11C-45AA-B773-1EA1E03F95B9}.Release|x86.ActiveCfg = Release|Win32
		{57B7E535-A11C-45AA-B773-1EA1E03F95B9}.Release|x86.Build.0 = Release|Win32
		{243B9E88-7FCE-4A20-BBC1-5325DE3C3D20}.Debug|x64.ActiveCfg = Debug|x64
		{243B9E88-7FCE-4A20-BBC1-5325DE3C3D20}.Debug|x64.Build.0 = Debug|x64
		{243B9E88-7FCE-4A20-BBC1-5325DE3C3D20}.Debug|x86.ActiveCfg = Debug|Win32
		{243B9E88-7FCE-4A20-BBC1-5325DE3C3D20}.Debug|x86.Build.0 = Debug|Win32
		{243B9E88-7FCE-4A20-BBC1-5325DE3C3D20}.Release|x64.ActiveCfg = Release|x64
		{243B9E88-7FCE-4A20-BBC1-5325DE3C3D20}.Release|x64.Build.0 = Release|x64
		{243B9E88-7FCE-4A20-BBC1-5325DE3C3D20}.Release|x86.ActiveCfg = Release|Win32
		{243B9E88-7FCE-4A20-BBC1-5325DE3C3D20}.Release|x86.Build.0 = Release|Win32
		{20A7060F-9C53-4D63-9B30-CAA1A4742C0D}.Debug|x64.ActiveCfg = Debug|x64
		{20A7060F-9C53-4D63-9B30-CAA1A4742C0D}.Debug|x64.Build.0 = Debug|x64
		{20A7060F-9C53-4D63-9B30-CAA1A4742C0D}.Debug|x86.ActiveCfg = Debug|Win32
		{20A7060F-9C53-4D63-9B30-CAA1A4742C0D}.Debug|x86.Build.0 = Debug|Win32
		{20A7060F-9C53-4D63-9B30-CAA1A4742C0D}.Release|x64.ActiveCfg = Release|x64
		{20A7060F-9C53-4D63-9B30-CAA1A4742C0D}.Release|x64.Build.0 = Release|x64
		{20A7060F-9C53-4D63-9B30-CAA1A4742C0D}.Release|x86.ActiveCfg = Release|Win32
		{20A7060F-9C53-4D63-9B30-CAA1A4742C0D}.Release|x86.Build.0 = Release|Win32
		{FE285B4B-949C-4DB7-B123-53A6782820D5}.Debug|x64.ActiveCfg = Debug|x64
		{FE285B4B-949C-4DB7-B123-53A6782820D5}.Debug|x64.Build.0 = Debug|x64
		{FE285B4B-949C-4DB7-B123-53A6782820D5}.Debug|x86.ActiveCfg = Debug|Win32
		{FE285B4B-949C-4DB7-B123-53A6782820D5}.Debug|x86.Build.0 = Debug|Win32
		{FE285B4B-949C-4DB7-B123-53A6782820D5}.Release|x64.ActiveCfg = Release|x64
		{FE285B4B-949C-4DB7-B123-53A6782820D5}.Release|x64.Build.0 = Release|x64
		{FE285B4B-949C-4DB7-B123-53A6782820D5}.Release|x86.ActiveCfg = Release|Win32
		{FE285B4B-949C-4DB7-B123-53A6782820D5}.Release|x86.Build.0 = Release|Win32
		{1F65861A-FADC-488A-86F4-61DD47F52A7F}.Debug|x64.ActiveCfg = Debug|x64
		{1F65861A-FADC-488A-86F4-61DD47F52A7F}.Debug|x64.Build.0 = Debug|x64
		{1F65861A-FADC-488A-86F4-61DD47F52A7F}.Debug|x86.ActiveCfg = Debug|Win32
		{1F65861A-FADC-488A-86F4-61DD47F52A7F}.Debug|x86.Build.0 = Debug|Win32
		{1F65861A-FADC-488A-86F4-61DD47F52A7F}.Release|x64.ActiveCfg = Release|x64
		{1F65861A-FADC-488A-86F4-61DD47F52A7F}.Release|x64.Build.0 = Release|x64
		{1F65861A-FADC-488A-86F4-61DD47F52A7F}.Release|x86.ActiveCfg = Release|Win32
		{1F65861A-FADC-488A-86F4-61DD47F52A7F}.Release|x86.Build.0 = Release|Win32
		{53169160-3D61-47A6-988E-69663CA3C4B5}.Debug|x64.ActiveCfg = Debug|x64
		{53169160-3D61-47A6-988E-69663CA3C4B5}.Debug|x64.Build.0 = Debug|x64
		{53169160-3D61-47A6-988E-69663CA3C4B5}.Debug|x86.ActiveCfg = Debug|Win32
		{53169160-3D61-47A6-988E-69663CA3C4B5}.Debug|x86.Build.0 = Debug|Win32
		{53169160-3D61-47A6-988E-69663CA3C4B5}.Release|x64.ActiveCfg = Release|x64
		{53169160-3D61-47A6-988E-69663CA3C4B5}.Release|x64.Build.0 = Release|x64
		{53169160-3D61-47A6-988E-69663CA3C4B5}.Release|x86.ActiveCfg = Release|Win32
		{53169160-3D61-47A6-988E-69663CA3C4B5}.Release|x86.Build.0 = Release|Win32
		{51BD7D40-236F-42B7-9843-E6A32769C245}.Debug|x64.ActiveCfg = Debug|x64
		{51BD7D40-236F-42B7-9843-E6A32769C245}.Debug|x64.Build.0 = Debug|x64
		{51BD7D40-236F-42B7-9843-E6A32769C245}.Debug|x86.ActiveCfg = Debug|Win32
		{51BD7D40-236F-42B7-9843-E6A32769C245}.Debug|x86.Build.0 = Debug|Win32
		{51BD7D40-236F-42B7-9843-E6A32769C245}.Release|x64.ActiveCfg = Release|x64
		{51BD7D40-236F-42B7-9843-E6A32769C245}.Release|x64.Build.0 = Release|x64
		{51BD7D40-236F-42B7-9843-E6A32769C245}.Release|x86.ActiveCfg = Release|Win32
		{51BD7D40-236F-42B7-9843-E6A32769C245}.Release|x86.Build.0 = Release|Win32
		{4C0E56EC-5BD8-4991-8813-A6D28D018519}.Debug|x64.ActiveCfg = Debug|x64
		{4C0E56EC-5BD8-4991-8813-A6D28D018519}.Debug|x64.Build.0 = Debug|x64
		{4C0E56EC-5BD8-4991-8813-A6D28D018519}.Debug|x86.ActiveCfg = Debug|Win32
		{4C0E56EC-5BD8-4991-8813-A6D28D018519}.Debug|x86.Build.0 = Debug|Win32
		{4C0E56EC-5BD8-4991-8813-A6D28D018519}.Release|x64.ActiveCfg = Release|x64
		{4C0E56EC-5BD8-4991-8813-A6D28D018519}.Release|x64.Build.0 = Release|x64
		{4C0E56EC-5BD8-4991-8813-A6D28D018519}.Release|x86.ActiveCfg = Release|Win32
		{4C0E56EC-5BD8-4991-8813-A6D28D018519}.Release|x86.Build.0 = Release|Win32
		{26BD86F1-C416-4A9A-AB8F-D9C2462B63AF}.Debug|x64.ActiveCfg = Debug|x64
		{26BD86F1-C416-4A9A-AB8F-D9C2462B63AF}.Debug|x64.Build.0 = Debug|x64
		{26BD86F1-C416-4A9A-AB8F-D9C2462B63AF}.Debug|x86.ActiveCfg = Debug|Win32
		{26BD86F1-C416-4A9A-AB8F-D9C2462B63AF}.Debug|x86.Build.0 = Debug|Win32
		{26BD86F1-C416-4A9A-AB8F-D9C2462B63AF}.Release|x64.ActiveCfg = Release|x64
		{26BD86F1-C416-4A9A-AB8F-D9C2462B63AF}.Release|x64.Build.0 = Release|x64
		{26BD86F1-C416-4A9A-AB8F-D9C2462B63AF}.Release|x86.ActiveCfg = Release|Win32
		{26BD86F1-C416-4A9A-AB8F-D9C2462B63AF}.Release|x86.Build.0 = Release|Win32
		{E6F37230-DFDB-4FAD-AD55-227C6CD5D24F}.Debug|x64.ActiveCfg = Debug|x64
		{E6F37230-DFDB-4FAD-AD55-227C6CD5D24F}.Debug|x64.Build.0 = Debug|x64
		{E6F37230-DFDB-4FAD-AD55-227C6CD5D24F}.Debug|x86.ActiveCfg = Debug|Win32
		{E6F37230-DFDB-4FAD-AD55-227C6CD5D24F}.Debug|x86.Build.0 = Debug|Win32
		{E6F37230-DFDB-4FAD-AD55-227C6CD5D24F}.Release|x64.ActiveCfg = Release|x64
		{E6F37230-DFDB-4FAD-AD55-227C6CD5D24F}.Release|x64.Build.0 = Release|x64
		{E6F37230-DFDB-4FAD-AD55-227C6CD5D24F}.Release|x86.ActiveCfg = Release|Win32
		{E6F37230-DFDB-4FAD-AD55-227C6CD5D24F}.Release|x86.Build.0 = Release|Win32
		{089E0A91-B826-4543-80A5-86FA9F292342}.Debug|x64.ActiveCfg = Debug|x64
		{089E0A91-B826-4543-80A5-86FA9F292342}.Debug|x64.Build.0 = Debug|x64
		{089E0A91-B826-4543-80A5-86FA9F292342}.Debug|x86.ActiveCfg = Debug|Win32
		{089E0A91-B826-4543-80A5-86FA9F292342}.Debug|x86.Build.0 = Debug|Win32
		{089E0A91-B826-4543-80A5-86FA9F292342}.Release|x64.ActiveCfg = Release|x64
		{089E0A91-B826-4543-80A5-86FA9F292342}.Release|x64.Build.0 = Release|x64
		{089E0A91-B826-4543-80A5-86FA9F292342}.Release|x86.ActiveCfg = Release|Win32
		{089E0A91-B826-4543-80A5-86FA9F292342}.Release|x86.Build.0 = Release|Win32
		{DA4B2B4E-2CE0-4FD3-B8A3-1235C43DC758}.Debug|x64.ActiveCfg = Debug|x64
		{DA4B2B4E-2CE0-4FD3-B8A3-1235C43DC758}.Debug|x64.Build.0 = Debug|x64
		{DA4B2B4E-2CE0-4FD3-B8A3-1235C43DC758}.Debug|x86.ActiveCfg = Debug|Win32
		{DA4B2B4E-2CE0-4FD3-B8A3-1235C43DC758}.Debug|x86.Build.0 = Debug|Win32
		{DA4B2B4E-2CE0-4FD3-B8A3-1235C43DC758}.Release|x64.ActiveCfg = Release|x64
		{DA4B2B4E-2CE0-4FD3-B8A3-1235C43DC758}.Release|x64.Build.0 = Release|x64
		{DA4B2B4E-2CE0-4FD3-B8A3-1235C43DC758}.Release|x86.ActiveCfg = Release|Win32
		{DA4B2B4E-2CE0-4FD3-B8A3-1235C43DC758}.Release|x86.Build.0 = Release|Win32
		{7516541B-2FD1-449F-85F2-05BDE20B71A2}.Debug|x64.ActiveCfg = Debug|x64
		{7516541B-2FD1-449F-85F2-05BDE20B71A2}.Debug|x64.Build.0 = Debug|x64
		{7516541B-2FD1-449F-85F2-05BDE20B71A2}.Debug|x86.ActiveCfg = Debug|Win32
		{7516541B-2FD1-449F-85F2-05BDE20B71A2}.Debug|x86.Build.0 = Debug|Win32
		{7516541B-2FD1-449F-85F2-05BDE20B71A2}.Release|x64.ActiveCfg = Release|x64
		{7516541B-2FD1-449F-85F2-05BDE20B71A2}.Release|x64.Build.0 = Release|x64
		{7516541B-2FD1-449F-85F2-05BDE20B71A2}.Release|x86.ActiveCfg = Release|Win32
		{7516541B-2FD1-449F-85F2-05BDE20B71A2}.Release|x86.Build.0 = Release|Win32
		{402AA72D-838F-4B5E-B287-35A2931F2D03}.Debug|x64.ActiveCfg = Debug|x64
		{402AA72D-838F-4B5E-B287-35A2931F2D03}.Debug|x64.Build.0 = Debug|x64
		{402AA72D-838F-4B5E-B287-35A2931F2D03}.Debug|x86.ActiveCfg = Debug|Win32
		{402AA72D-838F-4B5E-B287-35A2931F2D03}.Debug|x86.Build.0 = Debug|Win32
		{402AA72D-838F-4B5E-B287-35A2931F2D03}.Release|x64.ActiveCfg = Release|x64
		{402AA72D-838F-4B5E-B287-35A2931F2D03}.Release|x64.Build.0 = Release|x64
		{402AA72D-838F-4B5E-B287-35A2931F2D03}.Release|x86.ActiveCfg = Release|Win32
		{402AA72D-838F-4B5E-B287-35A2931F2D03}.Release|x86.Build.0 = Release|Win32
		{14CD76C5-D13C-4BCA-A0AB-E9F8DE113D46}.Debug|x64.ActiveCfg = Debug|x64
		{14CD76C5-D13C-4BCA-A0AB-E9F8DE113D46}.Debug|x64.Build.0 = Debug|x64
		{14CD76C5-D13C-4BCA-A0AB-E9F8DE113D46}.Debug|x86.ActiveCfg = Debug|Win32
		{14CD76C5-D13C-4BCA-A0AB-E9F8DE113D46}.Debug|x86.Build.0 = Debug|Win32
		{14CD76C5-D13C-4BCA-A0AB-E9F8DE113D46}.Release|x64.ActiveCfg = Release|x64
		{14CD76C5-D13C-4BCA-A0AB-E9F8DE113D46}.Release|x64.Build.0 = Release|x64
		{14CD76C5-D13C-4BCA-A0AB-E9F8DE113D46}.Release|x86.ActiveCfg = Release|Win32
		{14CD76C5-D13C-4BCA-A0AB-E9F8DE113D46}.Release|x86.Build.0 = Release|Win32
		{76CAC232-5F36-40F2-8969-C719E6A53AAC}.Debug|x64.ActiveCfg = Debug|x64
		{76CAC232-5F36-40F2-8969-C719E6A53AAC}.Debug|x64.Build.0 = Debug|x64
		{76CAC232-5F36-40F2-8969-C719E6A53AAC}.Debug|x86.ActiveCfg = Debug|Win32
		{76CAC232-5F36-40F2-8969-C719E6A53AAC}.Debug|x86.Build.0 = Debug|Win32
		{76CAC232-5F36-40F2-8969-C719E6A53AAC}.Release|x64.ActiveCfg = Release|x64
		{76CAC232-5F36-40F2-8969-C719E6A53AAC}.Release|x64.Build.0 = Release|x64
		{76CAC232-5F36-40F2-8969-C719E6A53AAC}.Release|x86.ActiveCfg = Release|Win32
		{76CAC232-5F36-40F2-8969-C719E6A53AAC}.Release|x86.Build.0 = Release|Win32
		{1914D9B7-FB81-45E3-8BE4-0C0F993E95C7}.Debug|x64.ActiveCfg = Debug|x64
		{1914D9B7-FB81-45E3-8BE4-0C0F993E95C7}.Debug|x64.Build.0 = Debug|x64
		{1914D9B7-FB81-45E3-8BE4-0C0F993E95C7}.Debug|x86.ActiveCfg = Debug|Win32
		{1914D9B7-FB81-45E3-8BE4-0C0F993E95C7}.Debug|x86.Build.0 = Debug|Win32
		{1914D9B7-FB81-45E3-8BE4-0C0F993E95C7}.Release|x64.ActiveCfg = Release|x64
		{1914D9B7-FB81-45E3-8BE4-0C0F993E95C7}.Release|x64.Build.0 = Release|x64
		{1914D9B7-FB81-45E3-8BE4-0C0F993E95C7}.Release|x86.ActiveCfg = Release|Win32
		{1914D9B7-FB81-45E3-8BE4-0C0F993E95C7}.Release|x86.Build.0 = Release|Win32
		{75A57711-0202-478D-A257-848B38FC3A47}.Debug|x64.ActiveCfg = Debug|x64
		{75A57711-0202-478D-A257-848B38FC3A47}.Debug|x64.Build.0 = Debug|x64
		{75A57711-0202-478D-A257-848B38FC3A47}.Debug|x86.ActiveCfg = Debug|Win32
		{75A57711-0202-478D-A257-848B38FC3A47}.Debug|x86.Build.0 = Debug|Win32
		{75A57711-0202-478D-A257-848B38FC3A47}.Release|x64.ActiveCfg = Release|x64
		{75A57711-0202-478D-A257-848B38FC3A47}.Release|x64.Build.0 = Release|x64
		{75A57711-0202-478D-A257-848B38FC3A47}.Release|x86.ActiveCfg = Release|Win32
		{75A57711-0202-478D-A257-848B38FC3A47}.Release|x86.Build.0 = Release|Win32
		{413FB6FE-C5FB-46F6-BC5E-D1122F63BCB6}.Debug|x64.ActiveCfg = Debug|x64
		{413FB6FE-C5FB-46F6-BC5E-D1122F63BCB6}.Debug|x64.Build.0 = Debug|x64
		{413FB6FE-C5FB-46F6-BC5E-D1122F63BCB6}.Debug|x86.ActiveCfg = Debug|Win32
		{413FB6FE-C5FB-46F6-BC5E-D1122F63BCB6}.Debug|x86.Build.0 = Debug|Win32
		{413FB6FE-C5FB-46F6-BC5E-D1122F63BCB6}.Release|x64.ActiveCfg = Release|x64
		{413FB6FE-C5FB-46F6-BC5E-D1122F63BCB6}.Release|x64.Build.0 = Release|x64
		{413FB6FE-C5FB-46F6-BC5E-D1122F63BCB6}.Release|x86.ActiveCfg = Release|Win32
		{413FB6FE-C5FB-46F6-BC5E-D1122F63BCB6}.Release|x86.Build.0 = Release|Win32
		{AAAB738A-DA99-4EEE-BE99-469BA4B7AF5F}.Debug|x64.ActiveCfg = Debug|x64
		{AAAB738A-DA99-4EEE-BE99-469BA4B7AF5F}.Debug|x64.Build.0 = Debug|x64
		{AAAB738A-DA99-4EEE-BE99-469BA4B7AF5F}.Debug|x86.ActiveCfg = Debug|Win32
		{AAAB738A-DA99-4EEE-BE99-469BA4B7AF5F}.Debug|x86.Build.0 = Debug|Win32
		{AAAB738A-DA99-4EEE-BE99-469BA4B7AF5F}.Release|x64.ActiveCfg = Release|x64
		{AAAB738A-DA99-4EEE-BE99-469BA4B7AF5F}.Release|x64.Build.0 = Release|x64
		{AAAB738A-DA99-4EEE-BE99-469BA4B7AF5F}.Release|x86.ActiveCfg = Release|Win32
		{AAAB738A-DA99-4EEE-BE99-469BA4B7AF5F}.Release|x86.Build.0 = Release|Win32
		{CE6E1305-4D11-4880-A272-310751C8B7BA}.Debug|x64.ActiveCfg = Debug|x64
		{CE6E1305-4D11-4880-A272-310751C8B7BA}.Debug|x64.Build.0 = Debug|x64
		{CE6E1305-4D11-4880-A272-310751C8B7BA}.Debug|x86.ActiveCfg = Debug|Win32
		{CE6E1305-4D11-4880-A272-310751C8B7BA}.Debug|x86.Build.0 = Debug|Win32
		{CE6E1305-4D11-4880-A272-310751C8B7BA}.Release|x64.ActiveCfg = Release|x64
		{CE6E1305-4D11-4880-A272-310751C8B7BA}.Release|x64.Build.0 = Release|x64
		{CE6E1305-4D11-4880-A272-310751C8B7BA}.Release|x86.ActiveCfg = Release|Win32
		{CE6E1305-4D11-4880-A272-310751C8B7BA}.Release|x86.Build.0 = Release|Win32
		{C0AE10BB-5263-4854-AB03-F26F4C8B787F}.Debug|x64.ActiveCfg = Debug|x64
		{C0AE10BB-5263-4854-AB03-F26F4C8B787F}.Debug|x64.Build.0 = Debug|x64
		{C0AE10BB-5263-4854-AB03-F26F4C8B787F}.Debug|x86.ActiveCfg = Debug|Win32
		{C0AE10BB-5263-4854-AB03-F26F4C8B787F}.Debug|x86.Build.0 = Debug|Win32
		{C0AE10BB-5263-4854-AB03-F26F4C8B787F}.Release|x64.ActiveCfg = Release|x64
		{C0AE10BB-5263-4854-AB03-F26F4C8B787F}.Release|x64.Build.0 = Release|x64
		{C0AE10BB-5263-4854-AB03-F26F4C8B787F}.Release|x86.ActiveCfg = Release|Win32
		{C0AE10BB-5263-4854-AB03-F26F4C8B787F}.Release|x86.Build.0 = Release|Win32
		{300463FB-AE6F-48D0-8D4F-3B8F48FAE309}.Debug|x64.ActiveCfg = Debug|x64
		{300463FB-AE6F-48D0-8D4F-3B8F48FAE309}.Debug|x64.Build.0 = Debug|x64
		{300463FB-AE6F-48D0-8D4F-3B8F48FAE309}.Debug|x86.ActiveCfg = Debug|Win32
		{300463FB-AE6F-48D0-8D4F-3B8F48FAE309}.Debug|x86.Build.0 = Debug|Win32
		{300463FB-AE6F-48D0-8D4F-3B8F48FAE309}.Release|x64.ActiveCfg = Release|x64
		{300463FB-AE6F-48D0-8D4F-3B8F48FAE309}.Release|x64.Build.0 = Release|x64
		{300463FB-AE6F-48D0-8D4F-3B8F48FAE309}.Release|x86.ActiveCfg = Release|Win32
		{300463FB-AE6F-48D0-8D4F-3B8F48FAE309}.Release|x86.Build.0 = Release|Win32
		{337882ED-51E0-47F8-8D72-659498B2028A}.Debug|x64.ActiveCfg = Debug|x64
		{337882ED-51E0-47F8-8D72-659498B2028A}.Debug|x64.Build.0 = Debug|x64
		{337882ED-51E0-47F8-8D72-659498B2028A}.Debug|x86.ActiveCfg = Debug|Win32
		{337882ED-51E0-47F8-8D72-659498B2028A}.Debug|x86.Build.0 = Debug|Win32
		{337882ED-51E0-47F8-8D72-659498B2028A}.Release|x64.ActiveCfg = Release|x64
		{337882ED-51E0-47F8-8D72-659498B2028A}.Release|x64.Build.0 = Release|x64
		{337882ED-51E0-47F8-8D72-659498B2028A}.Release|x86.ActiveCfg = Release|Win32
		{337882ED-51E0-47F8-8D72-659498B2028A}.Release|x86.Build.0 = Release|Win32
		{DD5D85E1-32A9-494A-A11A-7761CA3E50B5}.Debug|x64.ActiveCfg = Debug|x64
		{DD5D85E1-32A9-494A-A11A-7761CA3E50B5}.Debug|x64.Build.0 = Debug|x64
		{DD5D85E1-32A9-494A-A11A-7761CA3E50B5}.Debug|x86.ActiveCfg = Debug|Win32
		{DD5D85E1-32A9-494A-A11A-7761CA3E50B5}.Debug|x86.Build.0 = Debug|Win32
		{DD5D85E1-32A9-494A-A11A-7761CA3E50B5}.Release|x64.ActiveCfg = Release|x64
		{DD5D85E1-32A9-494A-A11A-7761CA3E50B5}.Release|x64.Build.0 = Release|x64
		{DD5D85E1-32A9-494A-A11A-7761CA3E50B5}.Release|x86.ActiveCfg = Release|Win32
		{DD5D85E1-32A9-494A-A11A-7761CA3E50B5}.Release|x86.Build.0 = Release|Win32
		{BD8F4161-76E1-430A-BD87-1C11816AB2DC}.Debug|x64.ActiveCfg = Debug|x64
		{BD8F4161-76E1-430A-BD87-1C11816AB2DC}.Debug|x64.Build.0 = Debug|x64
		{BD8F4161-76E1-430A-BD87-1C11816AB2DC}.Debug|x86.ActiveCfg = Debug|Win32
		{BD8F4161-76E1-430A-BD87-1C11816AB2DC}.Debug|x86.Build.0 = Debug|Win32
		{BD8F4161-76E1-430A-BD87-1C11816AB2DC}.Release|x64.ActiveCfg = Release|x64
		{BD8F4161-76E1-430A-BD87-1C11816AB2DC}.Release|x64.Build.0 = Release|x64
		{BD8F4161-76E1-430A-BD87-1C11816AB2DC}.Release|x86.ActiveCfg = Release|Win32
		{BD8F4161-76E1-430A-BD87-1C11816AB2DC}.Release|x86.Build.0 = Release|Win32
		{136774FB-DFC2-4C86-BE27-C3951FDA28B4}.Debug|x64.ActiveCfg = Debug|x64
		{136774FB-DFC2-4C86-BE27-C3951FDA28B4}.Debug|x64.Build.0 = Debug|x64
		{136774FB-DFC2-4C86-BE27-C3951FDA28B4}.Debug|x86.ActiveCfg = Debug|Win32
		{136774FB-DFC2-4C86-BE27-C3951FDA28B4}.Debug|x86.Build.0 = Debug|Win32
		{136774FB-DFC2-4C86-BE27-C3951FDA28B4}.Release|x64.ActiveCfg = Release|x64
		{136774FB-DFC2-4C86-BE27-C3951FDA28B4}.Release|x64.Build.0 = Release|x64
		{136774FB-DFC2-4C86-BE27-C3951FDA28B4}.Release|x86.ActiveCfg = Release|Win32
		{136774FB-DFC2-4C86-BE27-C3951FDA28B4}.Release|x86.Build.0 = Release|Win32
		{2519E6FC-8167-43DB-AE97-8EDA2DB3EFF6}.Debug|x64.ActiveCfg = Debug|x64
		{2519E6FC-8167-43DB-AE97-8EDA2DB3EFF6}.Debug|x64.Build.0 = Debug|x64
		{2519E6FC-8167-43DB-AE97-8EDA2DB3EFF6}.Debug|x86.ActiveCfg = Debug|Win32
		{2519E6FC-8167-43DB-AE97-8EDA2DB3EFF6}.Debug|x86.Build.0 = Debug|Win32
		{2519E6FC-8167-43DB-AE97-8EDA2DB3EFF6}.Release|x64.ActiveCfg = Release|x64
		{2519E6FC-8167-43DB-AE97-8EDA2DB3EFF6}.Release|x64.Build.0 = Release|x64
		{2519E6FC-8167-43DB-AE97-8EDA2DB3EFF6}.Release|x86.ActiveCfg = Release|Win32
		{2519E6FC-8167-43DB-AE97-8EDA2DB3EFF6}.Release|x86.Build.0 = Release|Win32
		{3F5932B7-F236-4DCA-9E21-115D04395860}.Debug|x64.ActiveCfg = Debug|x64
		{3F5932B7-F236-4DCA-9E21-115D04395860}.Debug|x64.Build.0 = Debug|x64
		{3F5932B7-F236-4DCA-9E21-115D04395860}.Debug|x86.ActiveCfg = Debug|Win32
		{3F5932B7-F236-4DCA-9E21-115D04395860}.Debug|x86.Build.0 = Debug|Win32
		{3F5932B7-F236-4DCA-9E21-115D04395860}.Release|x64.ActiveCfg = Release|x64
		{3F5932B7-F236-4DCA-9E21-115D04395860}.Release|x64.Build.0 = Release|x64
		{3F5932B7-F236-4DCA-9E21-115D04395860}.Release|x86.ActiveCfg = Release|Win32
		{3F5932B7-F236-4DCA-9E21-115D04395860}.Release|x86.Build.0 = Release|Win32
		{8B502A0D-E24F-4FBE-80E1-A27618945D3F}.Debug|x64.ActiveCfg = Debug|x64
		{8B502A0D-E24F-4FBE-80E1-A27618945D3F}.Debug|x64.Build.0 = Debug|x64
		{8B502A0D-E24F-4FBE-80E1-A27618945D3F}.Debug|x86.ActiveCfg = Debug|Win32
		{8B502A0D-E24F-4FBE-80E1-A27618945D3F}.Debug|x86.Build.0 = Debug|Win32
		{8B502A0D-E24F-4FBE-80E1-A27618945D3F}.Release|x64.ActiveCfg = Release|x64
		{8B502A0D-E24F-4FBE-80E1-A27618945D3F}.Release|x64.Build.0 = Release|x64
		{8B502A0D-E24F-4FBE-80E1-A27618945D3F}.Release|x86.ActiveCfg = Release|Win32
		{8B502A0D-E24F-4FBE-80E1-A27618945D3F}.Release|x86.Build.0 = Release|Win32
		{696D690A-338D-483F-9253-B22194D0177A}.Debug|x64.ActiveCfg = Debug|x64
		{696D690A-338D-483F-9253-B22194D0177A}.Debug|x64.Build.0 = Debug|x64
		{696D690A-338D-483F-9253-B22194D0177A}.Debug|x86.ActiveCfg = Debug|Win32
		{696D690A-338D-483F-9253-B22194D0177A}.Debug|x86.Build.0 = Debug|Win32
		{696D690A-338D-483F-9253-B22194D0177A}.Release|x64.ActiveCfg = Release|x64
		{696D690A-338D-483F-9253-B22194D0177A}.Release|x64.Build.0 = Release|x64
		{696D690A-338D-483F-9253-B22194D0177A}.Release|x86.ActiveCfg = Release|Win32
		{696D690A-338D-483F-9253-B22194D0177A}.Release|x86.Build.0 = Release|Win32
		{0290AF4A-F41F-4EBE-8B82-5F9FCF771FBF}.Debug|x64.ActiveCfg = Debug|x64
		{0290AF4A-F41F-4EBE-8B82-5F9FCF771FBF}.Debug|x64.Build.0 = Debug|x64
		{0290AF4A-F41F-4EBE-8B82-5F9FCF771FBF}.Debug|x86.ActiveCfg = Debug|Win32
		{0290AF4A-F41F-4EBE-8B82-5F9FCF771FBF}.Debug|x86.Build.0 = Debug|Win32
		{0290AF4A-F41F-4EBE-8B82-5F9FCF771FBF}.Release|x64.ActiveCfg = Release|x64
		{0290AF4A-F41F-4EBE-8B82-5F9FCF771FBF}.Release|x64.Build.0 = Release|x64
		{0290AF4A-F41F-4EBE-8B82-5F9FCF771FBF}.Release|x86.ActiveCfg = Release|Win32
		{0290AF4A-F41F-4EBE-8B82-5F9FCF771FBF}.Release|x86.Build.0 = Release|Win32
		{C54632C2-D93D-402A-943D-ECB52ECD489D}.Debug|x64.ActiveCfg = Debug|x64
		{C54632C2-D93D-402A-943D-ECB52ECD489D}.Debug|x64.Build.0 = Debug|x64
		{C54632C2-D93D-402A-943D-ECB52ECD489D}.Debug|x86.ActiveCfg = Debug|Win32
		{C54632C2-D93D-402A-943D-ECB52ECD489D}.Debug|x86.Build.0 = Debug|Win32
		{C54632C2-D93D-402A-943D-ECB52ECD489D}.Release|x64.ActiveCfg = Release|x64
		{C54632C2-D93D-402A-943D-ECB52ECD489D}.Release|x64.Build.0 = Release|x64
		{C54632C2-D93D-402A-943D-ECB52ECD489D}.Release|x86.ActiveCfg = Release|Win32
		{C54632C2-D93D-402A-943D-ECB52ECD489D}.Release|x86.Build.0 = Release|Win32
		{7FA7C763-A247-476B-8059-277698985F7D}.Debug|x64.ActiveCfg = Debug|x64
		{7FA7C763-A247-476B-8059-277698985F7D}.Debug|x64.Build.0 = Debug|x64
		{7FA7C763-A247-476B-8059-277698985F7D}.Debug|x86.ActiveCfg = Debug|Win32
		{7FA7C763-A247-476B-8059-277698985F7D}.Debug|x86.Build.0 = Debug|Win32
		{7FA7C763-A247-476B-8059-277698985F7D}.Release|x64.ActiveCfg = Release|x64
		{7FA7C763-A247-476B-8059-277698985F7D}.Release|x64.Build.0 = Release|x64
		{7FA7C763-A247-476B-8059-277698985F7D}.Release|x86.ActiveCfg = Release|Win32
		{7FA7C763-A247-476B-8059-277698985F7D}.Release|x86.Build.0 = Release|Win32
		{7492D2E4-A09F-42D4-B85F-EF82CE805BA0}.Debug|x64.ActiveCfg = Debug|x64
		{7492D2E4-A09F-42D4-B85F-EF82CE805BA0}.Debug|x64.Build.0 = Debug|x64
		{7492D2E4-A09F-42D4-B85F-EF82CE805BA0}.Debug|x86.ActiveCfg = Debug|Win32
		{7492D2E4-A09F-42D4-B85F-EF82CE805BA0}.Debug|x86.Build.0 = Debug|Win32
		{7492D2E4-A09F-42D4-B85F-EF82CE805BA0}.Release|x64.ActiveCfg = Release|x64
		{7492D2E4-A09F-42D4-B85F-EF82CE805BA0}.Release|x64.Build.0 = Release|x64
		{7492D2E4-A09F-42D4-B85F-EF82CE805BA0}.Release|x86.ActiveCfg = Release|Win32
		{7492D2E4-A09F-42D4-B85F-EF82CE805BA0}.Release|x86.Build.0 = Release|Win32
		{5DBC0261-EEC2-4050-A37A-FA49730B37C6}.Debug|x64.ActiveCfg = Debug|x64
		{5DBC0261-EEC2-4050-A37A-FA49730B37C6}.Debug|x64.Build.0 = Debug|x64
		{5DBC0261-EEC2-4050-A37A-FA49730B37C6}.Debug|x86.ActiveCfg = Debug|Win32
		{5DBC0261-EEC2-4050-A37A-FA49730B37C6}.Debug|x86.Build.0 = Debug|Win32
		{5DBC0261-EEC2-4050-A37A-FA49730B37C6}.Release|x64.ActiveCfg = Release|x64
		{5DBC0261-EEC2-4050-A37A-FA49730B37C6}.Release|x64.Build.0 = Release|x64
		{5DBC0261-EEC2-4050-A37A-FA49730B37C6}.Release|x86.ActiveCfg = Release|Win32
		{5DBC0261-EEC2-4050-A37A-FA49730B37C6}.Release|x86.Build.0 = Release|Win32
		{244FE147-72D6-4B12-B25A-691C172A6D77}.Debug|x64.ActiveCfg = Debug|x64
		{244FE147-72D6-4B12-B25A-691C172A6D77}.Debug|x64.Build.0 = Debug|x64
		{244FE147-72D6-4B12-B25A-691C172A6D77}.Debug|x86.ActiveCfg = Debug|Win32
		{244FE147-72D6-4B12-B25A-691C172A6D77}.Debug|x86.Build.0 = Debug|Win32
		{244FE147-72D6-4B12-B25A-691C172A6D77}.Release|x64.ActiveCfg = Release|x64
		{244FE147-72D6-4B12-B25A-691C172A6D77}.Release|x64.Build.0 = Release|x64
		{244FE147-72D6-4B12-B25A-691C172A6D77}.Release|x86.ActiveCfg = Release|Win32
		{244FE147-72D6-4B12-B25A-691C172A6D77}.Release|x86.Build.0 = Release|Win32
		{FE992BF8-0953-4DD0-8F94-5C9565F077F9}.Debug|x64.ActiveCfg = Debug|x64
		{FE992BF8-0953-4DD0-8F94-5C9565F077F9}.Debug|x64.Build.0 = Debug|x64
		{FE992BF8-0953-4DD0-8F94-5C9565F077F9}.Debug|x86.ActiveCfg = Debug|Win32
		{FE992BF8-0953-4DD0-8F94-5C9565F077F9}.Debug|x86.Build.0 = Debug|Win32
		{FE992BF8-0953-4DD0-8F94-5C9565F077F9}.Release|x64.ActiveCfg = Release|x64
		{FE992BF8-0953-4DD0-8F94-5C9565F077F9}.Release|x64.Build.0 = Release|x64
		{FE992BF8-0953-4DD0-8F94-5C9565F077F9}.Release|x86.ActiveCfg = Release|Win32
		{FE992BF8-0953-4DD0-8F94-5C9565F077F9}.Release|x86.Build.0 = Release|Win32
		{29A2AD71-4FBC-4C69-A047-1BF72DBC6ACD}.Debug|x64.ActiveCfg = Debug|x64
		{29A2AD71-4FBC-4C69-A047-1BF72DBC6ACD}.Debug|x64.Build.0 = Debug|x64
		{29A2AD71-4FBC-4C69-A047-1BF72DBC6ACD}.Debug|x86.ActiveCfg = Debug|Win32
		{29A2AD71-4FBC-4C69-A047-1BF72DBC6ACD}.Debug|x86.Build.0 = Debug|Win32
		{29A2AD71-4FBC-4C69-A047-1BF72DBC6ACD}.Release|x64.ActiveCfg = Release|x64
		{29A2AD71-4FBC-4C69-A047-1BF72DBC6ACD}.Release|x64.Build.0 = Release|x64
		{29A2AD71-4FBC-4C69-A047-1BF72DBC6ACD}.Release|x86.ActiveCfg = Release|Win32
		{29A2AD71-4FBC-4C69-A047-1BF72DBC6ACD}.Release|x86.Build.0 = Release|Win32
		{89289659-0593-454B-86CF-228148997A9A}.Debug|x64.ActiveCfg = Debug|x64
		{89289659-0593-454B-86CF-228148997A9A}.Debug|x64.Build.0 = Debug|x64
		{89289659-0593-454B-86CF-228148997A9A}.Debug|x86.ActiveCfg = Debug|Win32
		{89289659-0593-454B-86CF-228148997A9A}.Debug|x86.Build.0 = Debug|Win32
		{89289659-0593-454B-86CF-228148997A9A}.Release|x64.ActiveCfg = Release|x64
		{89289659-0593-454B-86CF-228148997A9A}.Release|x64.Build.0 = Release|x64
		{89289659-0593-454B-86CF-228148997A9A}.Release|x86.ActiveCfg = Release|Win32
		{89289659-0593-454B-86CF-228148997A9A}.Release|x86.Build.0 = Release|Win32
		{B04DC459-D3BB-43B7-99B2-0B53C7427A3F}.Debug|x64.ActiveCfg = Debug|x64
		{B04DC459-D3BB-43B7-99B2-0B53C7427A3F}.Debug|x64.Build.0 = Debug|x64
		{B04DC459-D3BB-43B7-99B2-0B53C7427A3F}.Debug|x86.ActiveCfg = Debug|Win32
		{B04DC459-D3BB-43B7-99B2-0B53C7427A3F}.Debug|x86.Build.0 = Debug|Win32
		{B04DC459-D3BB-43B7-99B2-0B53C7427A3F}.Release|x64.ActiveCfg = Release|x64
		{B04DC459-D3BB-43B7-99B2-0B53C7427A3F}.Release|x64.Build.0 = Release|x64
		{B04DC459-D3BB-43B7-99B2-0B53C7427A3F}.Release|x86.ActiveCfg = Release|Win32
		{B04DC459-D3BB-43B7-99B2-0B53C7427A3F}.Release|x86.Build.0 = Release|Win32
		{2317DDB9-B604-469B-A210-D07C19F0D552}.Debug|x64.ActiveCfg = Debug|x64
		{2317DDB9-B604-469B-A210-D07C19F0D552}.Debug|x64.Build.0 = Debug|x64
		{2317DDB9-B604-469B-A210-D07C19F0D552}.Debug|x86.ActiveCfg = Debug|Win32
		{2317DDB9-B604-469B-A210-D07C19F0D552}.Debug|x86.Build.0 = Debug|Win32
		{2317DDB9-B604-469B-A210-D07C19F0D552}.Release|x64.ActiveCfg = Release|x64
		{2317DDB9-B604-469B-A210-D07C19F0D552}.Release|x64.Build.0 = Release|x64
		{2317DDB9-B604-469B-A210-D07C19F0D552}.Release|x86.ActiveCfg = Release|Win32
		{2317DDB9-B604-469B-A210-D07C19F0D552}.Release|x86.Build.0 = Release|Win32
		{BCE31D11-8319-4063-B34C-B00F3024E553}.Debug|x64.ActiveCfg = Debug|x64
		{BCE31D11-8319-4063-B34C-B00F3024E553}.Debug|x64.Build.0 = Debug|x64
		{BCE31D11-8319-4063-B34C-B00F3024E553}.Debug|x86.ActiveCfg = Debug|Win32
		{BCE31D11-8319-4063-B34C-B00F3024E553}.Debug|x86.Build.0 = Debug|Win32
		{BCE31D11-8319-4063-B34C-B00F3024E553}.Release|x64.ActiveCfg = Release|x64
		{BCE31D11-8319-4063-B34C-B00F3024E553}.Release|x64.Build.0 = Release|x64
		{BCE31D11-8319-4063-B34C-B00F3024E553}.Release|x86.ActiveCfg = Release|Win32
		{BCE31D11-8319-4063-B34C-B00F3024E553}.Release|x86.Build.0 = Release|Win32
		{92E64D07-471A-44E2-85B4-B2C047D3CF3E}.Debug|x64.ActiveCfg = Debug|x64
		{92E64D07-471A-44E2-85B4-B2C047D3CF3E}.Debug|x64.Build.0 = Debug|x64
		{92E64D07-471A-44E2-85B4-B2C047D3CF3E}.Debug|x86.ActiveCfg = Debug|Win32
		{92E64D07-471A-44E2-85B4-B2C047D3CF3E}.Debug|x86.Build.0 = Debug|Win32
		{92E64D07-471A-44E2-85B4-B2C047D3CF3E}.Release|x64.ActiveCfg = Release|x64
		{92E64D07-471A-44E2-85B4-B2C047D3CF3E}.Release|x64.Build.0 = Release|x64
		{92E64D07-471A-44E2-85B4-B2C047D3CF3E}.Release|x86.ActiveCfg = Release|Win32
		{92E64D07-471A-44E2-85B4-B2C047D3CF3E}.Release|x86.Build.0 = Release|Win32
		{84193549-BC55-43FD-86A2-351488322780}.Debug|x64.ActiveCfg = Debug|x64
		{84193549-BC55-43FD-86A2-351488322780}.Debug|x64.Build.0 = Debug|x64
		{84193549-BC55-43FD-86A2-351488322780}.Debug|x86.ActiveCfg = Debug|Win32
		{84193549-BC55-43FD-86A2-351488322780}.Debug|x86.Build.0 = Debug|Win32
		{84193549-BC55-43FD-86A2-351488322780}.Release|x64.ActiveCfg = Release|x64
		{84193549-BC55-43FD-86A2-351488322780}.Release|x64.Build.0 = Release|x64
		{84193549-BC55-43FD-86A2-351488322780}.Release|x86.ActiveCfg = Release|Win32
		{84193549-BC55-43FD-86A2-351488322780}.Release|x86.Build.0 = Release|Win32
		{FF69B2C8-13A1-4CC4-AE68-0553240B0B9F}.Debug|x64.ActiveCfg = Debug|x64
		{FF69B2C8-13A1-4CC4-AE68-0553240B0B9F}.Debug|x64.Build.0 = Debug|x64
		{FF69B2C8-13A1-4CC4-AE68-0553240B0B9F}.Debug|x86.ActiveCfg = Debug|Win32
		{FF69B2C8-13A1-4CC4-AE68-0553240B0B9F}.Debug|x86.Build.0 = Debug|Win32
		{FF69B2C8-13A1-4CC4-AE68-0553240B0B9F}.Release|x64.ActiveCfg = Release|x64
		{FF69B2C8-13A1-4CC4-AE68-0553240B0B9F}.Release|x64.Build.0 = Release|x64
		{FF69B2C8-13A1-4CC4-AE68-0553240B0B9F}.Release|x86.ActiveCfg = Release|Win32
		{FF69B2C8-13A1-4CC4-AE68-0553240B0B9F}.Release|x86.Build.0 = Release|Win32
		{D6ADEAEA-394D-41DC-A2B9-5761AC1E8C7C}.Debug|x64.ActiveCfg = Debug|x64
		{D6ADEAEA-394D-41DC-A2B9-5761AC1E8C7C}.Debug|x64.Build.0 = Debug|x64
		{D6ADEAEA-394D-41DC-A2B9-5761AC1E8C7C}.Debug|x86.ActiveCfg = Debug|Win32
		{D6ADEAEA-394D-41DC-A2B9-5761AC1E8C7C}.Debug|x86.Build.0 = Debug|Win32
		{D6ADEAEA-394D-41DC-A2B9-5761AC1E8C7C}.Release|x64.ActiveCfg = Release|x64
		{D6ADEAEA-394D-41DC-A2B9-5761AC1E8C7C}.Release|x64.Build.0 = Release|x64
		{D6ADEAEA-394D-41DC-A2B9-5761AC1E8C7C}.Release|x86.ActiveCfg = Release|Win32
		{D6ADEAEA-394D-41DC-A2B9-5761AC1E8C7C}.Release|x86.Build.0 = Release|Win32
		{AFBD32E7-0D63-41F6-B388-09E302FEAE0B}.Debug|x64.ActiveCfg = Debug|x64
		{AFBD32E7-0D63-41F6-B388-09E302FEAE0B}.Debug|x64.Build.0 = Debug|x64
		{AFBD32E7-0D63-41F6-B388-09E302FEAE0B}.Debug|x86.ActiveCfg = Debug|Win32
		{AFBD32E7-0D63-41F6-B388-09E302FEAE0B}.Debug|x86.Build.0 = Debug|Win32
		{AFBD32E7-0D63-41F6-B388-09E302FEAE0B}.Release|x64.ActiveCfg = Release|x64
		{AFBD32E7-0D63-41F6-B388-09E302FEAE0B}.Release|x64.Build.0 = Release|x64
		{AFBD32E7-0D63-41F6-B388-09E302FEAE0B}.Release|x86.ActiveCfg = Release|Win32
		{AFBD32E7-0D63-41F6-B388-09E302FEAE0B}.Release|x86.Build.0 = Release|Win32
		{17100C2B-44F0-4176-90EC-D3B2BF20DC71}.Debug|x64.ActiveCfg = Debug|x64
		{17100C2B-44F0-4176-90EC-D3B2BF20DC71}.Debug|x64.Build.0 = Debug|x64
		{17100C2B-44F0-4176-90EC-D3B2BF20DC71}.Debug|x86.ActiveCfg = Debug|Win32
		{17100C2B-44F0-4176-90EC-D3B2BF20DC71}.Debug|x86.Build.0 = Debug|Win32
		{17100C2B-44F0-4176-90EC-D3B2BF20DC71}.Release|x64.ActiveCfg = Release|x64
		{17100C2B-44F0-4176-90EC-D3B2BF20DC71}.Release|x64.Build.0 = Release|x64
		{17100C2B-44F0-4176-90EC-D3B2BF20DC71}.Release|x86.ActiveCfg = Release|Win32
		{17100C2B-44F0-4176-90EC-D3B2BF20DC71}.Release|x86.Build.0 = Release|Win32
		{991DA5BC-13C4-4CAF-862A-69EB28585FF8}.Debug|x64.ActiveCfg = Debug|x64
		{991DA5BC-13C4-4CAF-862A-69EB28585FF8}.Debug|x64.Build.0 = Debug|x64
		{991DA5BC-13C4-4CAF-862A-69EB28585FF8}.Debug|x86.ActiveCfg = Debug|Win32
		{991DA5BC-13C4-4CAF-862A-69EB28585FF8}.Debug|x86.Build.0 = Debug|Win32
		{991DA5BC-13C4-4CAF-862A-69EB28585FF8}.Release|x64.ActiveCfg = Release|x64
		{991DA5BC-13C4-4CAF-862A-69EB28585FF8}.Release|x64.Build.0 = Release|x64
		{991DA5BC-13C4-4CAF-862A-69EB28585FF8}.Release|x86.ActiveCfg = Release|Win32
		{991DA5BC-13C4-4CAF-862A-69EB28585FF8}.Release|x86.Build.0 = Release|Win32
		{CA5B7C0B-D992-42A1-8F70-29575F3F2CDA}.Debug|x64.ActiveCfg = Debug|x64
		{CA5B7C0B-D992-42A1-8F70-29575F3F2CDA}.Debug|x64.Build.0 = Debug|x64
		{CA5B7C0B-D992-42A1-8F70-29575F3F2CDA}.Debug|x86.ActiveCfg = Debug|Win32
		{CA5B7C0B-D992-42A1-8F70-29575F3F2CDA}.Debug|x86.Build.0 = Debug|Win32
		{CA5B7C0B-D992-42A1-8F70-29575F3F2CDA}.Release|x64.ActiveCfg = Release|x64
		{CA5B7C0B-D992-42A1-8F70-29575F3F2CDA}.Release|x64.Build.0 = Release|x64
		{CA5B7C0B-D992-42A1-8F70-29575F3F2CDA}.Release|x86.ActiveCfg = Release|Win32
		{CA5B7C0B-D992-42A1-8F70-29575F3F2CDA}.Release|x86.Build.0 = Release|Win32
		{ECDD3CF7-0C6F-4C34-AF41-43FAE9EE1A9F}.Debug|x64.ActiveCfg = Debug|x64
		{ECDD3CF7-0C6F-4C34-AF41-43FAE9EE1A9F}.Debug|x64.Build.0 = Debug|x64
		{ECDD3CF7-0C6F-4C34-AF41-43FAE9EE1A9F}.Debug|x86.ActiveCfg = Debug|Win32
		{ECDD3CF7-0C6F-4C34-AF41-43FAE9EE1A9F}.Debug|x86.Build.0 = Debug|Win32
		{ECDD3CF7-0C6F-4C34-AF41-43FAE9EE1A9F}.Release|x64.ActiveCfg = Release|x64
		{ECDD3CF7-0C6F-4C34-AF41-43FAE9EE1A9F}.Release|x64.Build.0 = Release|x64
		{ECDD3CF7-0C6F-4C34-AF41-43FAE9EE1A9F}.Release|x86.ActiveCfg = Release|Win32
		{ECDD3CF7-0C6F-4C34-AF41-43FAE9EE1A9F}.Release|x86.Build.0 = Release|Win32
		{BFA57291-570F-4BD5-9AC7-C220B8F6769A}.Debug|x64.ActiveCfg = Debug|x64
		{BFA57291-570F-4BD5-9AC7-C220B8F6769A}.Debug|x64.Build.0 = Debug|x64
		{BFA57291-570F-4BD5-9AC7-C220B8F6769A}.Debug|x86.ActiveCfg = Debug|Win32
		{BFA57291-570F-4BD5-9AC7-C220B8F6769A}.Debug|x86.Build.0 = Debug|Win32
		{BFA57291-570F-4BD5-9AC7-C220B8F6769A}.Release|x64.ActiveCfg = Release|x64
		{BFA57291-570F-4BD5-9AC7-C220B8F6769A}.Release|x64.Build.0 = Release|x64
		{BFA57291-570F-4BD5-9AC7-C220B8F6769A}.Release|x86.ActiveCfg = Release|Win32
		{BFA57291-570F-4BD5-9AC7-C220B8F6769A}.Release|x86.Build.0 = Release|Win32
	EndGlobalSection
	GlobalSection(SolutionProperties) = preSolution
		HideSolutionNode = FALSE
	EndGlobalSection
	GlobalSection(ExtensibilityGlobals) = postSolution
		SolutionGuid = {D88E20D5-F27C-4533-BDCE-2C69ACF331FD}
	EndGlobalSection
EndGlobal
