
Microsoft Visual Studio Solution File, Format Version 12.00
# Visual Studio Version 17
VisualStudioVersion = 17.5.33414.496
MinimumVisualStudioVersion = 10.0.40219.1
Project("{8BC9CEB8-8B4A-11D0-8D11-00A0C91BC942}") = "Zadacha_0", "Zadacha_0\Zadacha_0.vcxproj", "{B59EEBE0-D134-4755-BB42-75DC82542AC7}"
EndProject
Project("{8BC9CEB8-8B4A-11D0-8D11-00A0C91BC942}") = "Zadacha_1", "Zadacha_1\Zadacha_1.vcxproj", "{1271BA07-070E-4C76-A1D8-306118129856}"
EndProject
Project("{8BC9CEB8-8B4A-11D0-8D11-00A0C91BC942}") = "Zadacha_2", "Zadacha_2\Zadacha_2.vcxproj", "{08286704-970B-4982-BC52-F6C8E1587292}"
EndProject
Project("{8BC9CEB8-8B4A-11D0-8D11-00A0C91BC942}") = "Zadacha_3", "Zadacha_3\Zadacha_3.vcxproj", "{57B7E535-A11C-45AA-B773-1EA1E03F95B9}"
EndProject
Project("{8BC9CEB8-8B4A-11D0-8D11-00A0C91BC942}") = "Zadacha_4", "Zadacha_4\Zadacha_4.vcxproj", "{243B9E88-7FCE-4A20-BBC1-5325DE3C3D20}"
EndProject
Project("{8BC9CEB8-8B4A-11D0-8D11-00A0C91BC942}") = "Zadacha_5", "Zadacha_5\Zadacha_5.vcxproj", "{20A7060F-9C53-4D63-9B30-CAA1A4742C0D}"
EndProject
Project("{8BC9CEB8-8B4A-11D0-8D11-00A0C91BC942}") = "Zadacha_6", "Zadacha_6\Zadacha_6.vcxproj", "{FE285B4B-949C-4DB7-B123-53A6782820D5}"
EndProject
Project("{8BC9CEB8-8B4A-11D0-8D11-00A0C91BC942}") = "Zadacha_7", "Zadacha_7\Zadacha_7.vcxproj", "{1F65861A-FADC-488A-86F4-61DD47F52A7F}"
EndProject
Project("{8BC9CEB8-8B4A-11D0-8D11-00A0C91BC942}") = "Zadacha_8", "Zadacha_8\Zadacha_8.vcxproj", "{53169160-3D61-47A6-988E-69663CA3C4B5}"
EndProject
Project("{8BC9CEB8-8B4A-11D0-8D11-00A0C91BC942}") = "Zadacha_9", "Zadacha_9\Zadacha_9.vcxproj", "{51BD7D40-236F-42B7-9843-E6A32769C245}"
EndProject
Global
	GlobalSection(SolutionConfigurationPlatforms) = preSolution
		Debug|x64 = Debug|x64
		Debug|x86 = Debug|x86
		Release|x64 = Release|x64
		Release|x86 = Release|x86
	EndGlobalSection
	GlobalSection(ProjectConfigurationPlatforms) = postSolution
		{B59EEBE0-D134-4755-BB42-75DC82542AC7}.Debug|x64.ActiveCfg = Debug|x64
		{B59EEBE0-D134-4755-BB42-75DC82542AC7}.Debug|x64.Build.0 = Debug|x64
		{B59EEBE0-D134-4755-BB42-75DC82542AC7}.Debug|x86.ActiveCfg = Debug|Win32
		{B59EEBE0-D134-4755-BB42-75DC82542AC7}.Debug|x86.Build.0 = Debug|Win32
		{B59EEBE0-D134-4755-BB42-75DC82542AC7}.Release|x64.ActiveCfg = Release|x64
		{B59EEBE0-D134-4755-BB42-75DC82542AC7}.Release|x64.Build.0 = Release|x64
		{B59EEBE0-D134-4755-BB42-75DC82542AC7}.Release|x86.ActiveCfg = Release|Win32
		{B59EEBE0-D134-4755-BB42-75DC82542AC7}.Release|x86.Build.0 = Release|Win32
		{1271BA07-070E-4C76-A1D8-306118129856}.Debug|x64.ActiveCfg = Debug|x64
		{1271BA07-070E-4C76-A1D8-306118129856}.Debug|x64.Build.0 = Debug|x64
		{1271BA07-070E-4C76-A1D8-306118129856}.Debug|x86.ActiveCfg = Debug|Win32
		{1271BA07-070E-4C76-A1D8-306118129856}.Debug|x86.Build.0 = Debug|Win32
		{1271BA07-070E-4C76-A1D8-306118129856}.Release|x64.ActiveCfg = Release|x64
		{1271BA07-070E-4C76-A1D8-306118129856}.Release|x64.Build.0 = Release|x64
		{1271BA07-070E-4C76-A1D8-306118129856}.Release|x86.ActiveCfg = Release|Win32
		{1271BA07-070E-4C76-A1D8-306118129856}.Release|x86.Build.0 = Release|Win32
		{08286704-970B-4982-BC52-F6C8E1587292}.Debug|x64.ActiveCfg = Debug|x64
		{08286704-970B-4982-BC52-F6C8E1587292}.Debug|x64.Build.0 = Debug|x64
		{08286704-970B-4982-BC52-F6C8E1587292}.Debug|x86.ActiveCfg = Debug|Win32
		{08286704-970B-4982-BC52-F6C8E1587292}.Debug|x86.Build.0 = Debug|Win32
		{08286704-970B-4982-BC52-F6C8E1587292}.Release|x64.ActiveCfg = Release|x64
		{08286704-970B-4982-BC52-F6C8E1587292}.Release|x64.Build.0 = Release|x64
		{08286704-970B-4982-BC52-F6C8E1587292}.Release|x86.ActiveCfg = Release|Win32
		{08286704-970B-4982-BC52-F6C8E1587292}.Release|x86.Build.0 = Release|Win32
		{57B7E535-A11C-45AA-B773-1EA1E03F95B9}.Debug|x64.ActiveCfg = Debug|x64
		{57B7E535-A11C-45AA-B773-1EA1E03F95B9}.Debug|x64.Build.0 = Debug|x64
		{57B7E535-A11C-45AA-B773-1EA1E03F95B9}.Debug|x86.ActiveCfg = Debug|Win32
		{57B7E535-A11C-45AA-B773-1EA1E03F95B9}.Debug|x86.Build.0 = Debug|Win32
		{57B7E535-A11C-45AA-B773-1EA1E03F95B9}.Release|x64.ActiveCfg = Release|x64
		{57B7E535-A11C-45AA-B773-1EA1E03F95B9}.Release|x64.Build.0 = Release|x64
		{57B7E535-A11C-45AA-B773-1EA1E03F95B9}.Release|x86.ActiveCfg = Release|Win32
		{57B7E535-A11C-45AA-B773-1EA1E03F95B9}.Release|x86.Build.0 = Release|Win32
		{243B9E88-7FCE-4A20-BBC1-5325DE3C3D20}.Debug|x64.ActiveCfg = Debug|x64
		{243B9E88-7FCE-4A20-BBC1-5325DE3C3D20}.Debug|x64.Build.0 = Debug|x64
		{243B9E88-7FCE-4A20-BBC1-5325DE3C3D20}.Debug|x86.ActiveCfg = Debug|Win32
		{243B9E88-7FCE-4A20-BBC1-5325DE3C3D20}.Debug|x86.Build.0 = Debug|Win32
		{243B9E88-7FCE-4A20-BBC1-5325DE3C3D20}.Release|x64.ActiveCfg = Release|x64
		{243B9E88-7FCE-4A20-BBC1-5325DE3C3D20}.Release|x64.Build.0 = Release|x64
		{243B9E88-7FCE-4A20-BBC1-5325DE3C3D20}.Release|x86.ActiveCfg = Release|Win32
		{243B9E88-7FCE-4A20-BBC1-5325DE3C3D20}.Release|x86.Build.0 = Release|Win32
		{20A7060F-9C53-4D63-9B30-CAA1A4742C0D}.Debug|x64.ActiveCfg = Debug|x64
		{20A7060F-9C53-4D63-9B30-CAA1A4742C0D}.Debug|x64.Build.0 = Debug|x64
		{20A7060F-9C53-4D63-9B30-CAA1A4742C0D}.Debug|x86.ActiveCfg = Debug|Win32
		{20A7060F-9C53-4D63-9B30-CAA1A4742C0D}.Debug|x86.Build.0 = Debug|Win32
		{20A7060F-9C53-4D63-9B30-CAA1A4742C0D}.Release|x64.ActiveCfg = Release|x64
		{20A7060F-9C53-4D63-9B30-CAA1A4742C0D}.Release|x64.Build.0 = Release|x64
		{20A7060F-9C53-4D63-9B30-CAA1A4742C0D}.Release|x86.ActiveCfg = Release|Win32
		{20A7060F-9C53-4D63-9B30-CAA1A4742C0D}.Release|x86.Build.0 = Release|Win32
		{FE285B4B-949C-4DB7-B123-53A6782820D5}.Debug|x64.ActiveCfg = Debug|x64
		{FE285B4B-949C-4DB7-B123-53A6782820D5}.Debug|x64.Build.0 = Debug|x64
		{FE285B4B-949C-4DB7-B123-53A6782820D5}.Debug|x86.ActiveCfg = Debug|Win32
		{FE285B4B-949C-4DB7-B123-53A6782820D5}.Debug|x86.Build.0 = Debug|Win32
		{FE285B4B-949C-4DB7-B123-53A6782820D5}.Release|x64.ActiveCfg = Release|x64
		{FE285B4B-949C-4DB7-B123-53A6782820D5}.Release|x64.Build.0 = Release|x64
		{FE285B4B-949C-4DB7-B123-53A6782820D5}.Release|x86.ActiveCfg = Release|Win32
		{FE285B4B-949C-4DB7-B123-53A6782820D5}.Release|x86.Build.0 = Release|Win32
		{1F65861A-FADC-488A-86F4-61DD47F52A7F}.Debug|x64.ActiveCfg = Debug|x64
		{1F65861A-FADC-488A-86F4-61DD47F52A7F}.Debug|x64.Build.0 = Debug|x64
		{1F65861A-FADC-488A-86F4-61DD47F52A7F}.Debug|x86.ActiveCfg = Debug|Win32
		{1F65861A-FADC-488A-86F4-61DD47F52A7F}.Debug|x86.Build.0 = Debug|Win32
		{1F65861A-FADC-488A-86F4-61DD47F52A7F}.Release|x64.ActiveCfg = Release|x64
		{1F65861A-FADC-488A-86F4-61DD47F52A7F}.Release|x64.Build.0 = Release|x64
		{1F65861A-FADC-488A-86F4-61DD47F52A7F}.Release|x86.ActiveCfg = Release|Win32
		{1F65861A-FADC-488A-86F4-61DD47F52A7F}.Release|x86.Build.0 = Release|Win32
		{53169160-3D61-47A6-988E-69663CA3C4B5}.Debug|x64.ActiveCfg = Debug|x64
		{53169160-3D61-47A6-988E-69663CA3C4B5}.Debug|x64.Build.0 = Debug|x64
		{53169160-3D61-47A6-988E-69663CA3C4B5}.Debug|x86.ActiveCfg = Debug|Win32
		{53169160-3D61-47A6-988E-69663CA3C4B5}.Debug|x86.Build.0 = Debug|Win32
		{53169160-3D61-47A6-988E-69663CA3C4B5}.Release|x64.ActiveCfg = Release|x64
		{53169160-3D61-47A6-988E-69663CA3C4B5}.Release|x64.Build.0 = Release|x64
		{53169160-3D61-47A6-988E-69663CA3C4B5}.Release|x86.ActiveCfg = Release|Win32
		{53169160-3D61-47A6-988E-69663CA3C4B5}.Release|x86.Build.0 = Release|Win32
		{51BD7D40-236F-42B7-9843-E6A32769C245}.Debug|x64.ActiveCfg = Debug|x64
		{51BD7D40-236F-42B7-9843-E6A32769C245}.Debug|x64.Build.0 = Debug|x64
		{51BD7D40-236F-42B7-9843-E6A32769C245}.Debug|x86.ActiveCfg = Debug|Win32
		{51BD7D40-236F-42B7-9843-E6A32769C245}.Debug|x86.Build.0 = Debug|Win32
		{51BD7D40-236F-42B7-9843-E6A32769C245}.Release|x64.ActiveCfg = Release|x64
		{51BD7D40-236F-42B7-9843-E6A32769C245}.Release|x64.Build.0 = Release|x64
		{51BD7D40-236F-42B7-9843-E6A32769C245}.Release|x86.ActiveCfg = Release|Win32
		{51BD7D40-236F-42B7-9843-E6A32769C245}.Release|x86.Build.0 = Release|Win32
	EndGlobalSection
	GlobalSection(SolutionProperties) = preSolution
		HideSolutionNode = FALSE
	EndGlobalSection
	GlobalSection(ExtensibilityGlobals) = postSolution
		SolutionGuid = {D88E20D5-F27C-4533-BDCE-2C69ACF331FD}
	EndGlobalSection
EndGlobal
